{
  "name": "mkv-subtitle-converter",
  "version": "1.0.0",
  "lockfileVersion": 3,
  "requires": true,
  "packages": {
    "": {
      "name": "mkv-subtitle-converter",
      "version": "1.0.0",
      "license": "ISC",
      "dependencies": {
        "filesize": "^10.1.6"
      },
      "devDependencies": {
        "tailwindcss": "^4.1.11"
      }
    },
    "node_modules/filesize": {
      "version": "10.1.6",
      "resolved": "https://registry.npmjs.org/filesize/-/filesize-10.1.6.tgz",
      "integrity": "sha512-sJslQKU2uM33qH5nqewAwVB2QgR6w1aMNsYUp3aN5rMRyXEwJGmZvaWzeJFNTOXWlHQyBFCWrdj3fV/fsTOX8w==",
      "license": "BSD-3-Clause",
      "engines": {
        "node": ">= 10.4.0"
      }
    },
    "node_modules/tailwindcss": {
      "version": "4.1.11",
      "resolved": "https://registry.npmjs.org/tailwindcss/-/tailwindcss-4.1.11.tgz",
      "integrity": "sha512-2E9TBm6MDD/xKYe+dvJZAmg3yxIEDNRc0jwlNyDg/4Fil2QcSLjFKGVff0lAf1jjeaArlG/M75Ey/EYr/OJtBA==",
      "dev": true,
      "license": "MIT"
    }
  }
}
